
Microsoft Visual Studio Solution File, Format Version 12.00
# Visual Studio 15
VisualStudioVersion = 15.0.28307.1401
MinimumVisualStudioVersion = 10.0.40219.1
Project("{FAE04EC0-301F-11D3-BF4B-00C04F79EFBC}") = "Jornada6Ejercicio2", "Jornada6Ejercicio2\Jornada6Ejercicio2.csproj", "{AA7D3705-2B0D-4BCC-8EB2-1573CDBF3EB6}"
EndProject
Global
	GlobalSection(SolutionConfigurationPlatforms) = preSolution
		Debug|Any CPU = Debug|Any CPU
		Release|Any CPU = Release|Any CPU
	EndGlobalSection
	GlobalSection(ProjectConfigurationPlatforms) = postSolution
		{AA7D3705-2B0D-4BCC-8EB2-1573CDBF3EB6}.Debug|Any CPU.ActiveCfg = Debug|Any CPU
		{AA7D3705-2B0D-4BCC-8EB2-1573CDBF3EB6}.Debug|Any CPU.Build.0 = Debug|Any CPU
		{AA7D3705-2B0D-4BCC-8EB2-1573CDBF3EB6}.Release|Any CPU.ActiveCfg = Release|Any CPU
		{AA7D3705-2B0D-4BCC-8EB2-1573CDBF3EB6}.Release|Any CPU.Build.0 = Release|Any CPU
	EndGlobalSection
	GlobalSection(SolutionProperties) = preSolution
		HideSolutionNode = FALSE
	EndGlobalSection
	GlobalSection(ExtensibilityGlobals) = postSolution
		SolutionGuid = {2A902A41-8DC2-4339-B8E2-FFB61F092987}
	EndGlobalSection
EndGlobal
