
Microsoft Visual Studio Solution File, Format Version 12.00
# Visual Studio 15
VisualStudioVersion = 15.0.28307.1401
MinimumVisualStudioVersion = 10.0.40219.1
Project("{FAE04EC0-301F-11D3-BF4B-00C04F79EFBC}") = "WebApplication7", "WebApplication7\WebApplication7.csproj", "{C3E643DB-4B01-46E4-A005-8304F91252DF}"
EndProject
Global
	GlobalSection(SolutionConfigurationPlatforms) = preSolution
		Debug|Any CPU = Debug|Any CPU
		Release|Any CPU = Release|Any CPU
	EndGlobalSection
	GlobalSection(ProjectConfigurationPlatforms) = postSolution
		{C3E643DB-4B01-46E4-A005-8304F91252DF}.Debug|Any CPU.ActiveCfg = Debug|Any CPU
		{C3E643DB-4B01-46E4-A005-8304F91252DF}.Debug|Any CPU.Build.0 = Debug|Any CPU
		{C3E643DB-4B01-46E4-A005-8304F91252DF}.Release|Any CPU.ActiveCfg = Release|Any CPU
		{C3E643DB-4B01-46E4-A005-8304F91252DF}.Release|Any CPU.Build.0 = Release|Any CPU
	EndGlobalSection
	GlobalSection(SolutionProperties) = preSolution
		HideSolutionNode = FALSE
	EndGlobalSection
	GlobalSection(ExtensibilityGlobals) = postSolution
		SolutionGuid = {D5E8BB50-447C-4667-948A-7213E32783EE}
	EndGlobalSection
EndGlobal
