
Microsoft Visual Studio Solution File, Format Version 12.00
# Visual Studio Version 16
VisualStudioVersion = 16.0.30517.126
MinimumVisualStudioVersion = 10.0.40219.1
Project("{FAE04EC0-301F-11D3-BF4B-00C04F79EFBC}") = "CalcExample", "CalcExample\CalcExample.csproj", "{67518D5A-BCC8-4EF2-BA99-12006FF53E48}"
EndProject
Global
	GlobalSection(SolutionConfigurationPlatforms) = preSolution
		Debug|Any CPU = Debug|Any CPU
		Release|Any CPU = Release|Any CPU
	EndGlobalSection
	GlobalSection(ProjectConfigurationPlatforms) = postSolution
		{67518D5A-BCC8-4EF2-BA99-12006FF53E48}.Debug|Any CPU.ActiveCfg = Debug|Any CPU
		{67518D5A-BCC8-4EF2-BA99-12006FF53E48}.Debug|Any CPU.Build.0 = Debug|Any CPU
		{67518D5A-BCC8-4EF2-BA99-12006FF53E48}.Release|Any CPU.ActiveCfg = Release|Any CPU
		{67518D5A-BCC8-4EF2-BA99-12006FF53E48}.Release|Any CPU.Build.0 = Release|Any CPU
	EndGlobalSection
	GlobalSection(SolutionProperties) = preSolution
		HideSolutionNode = FALSE
	EndGlobalSection
	GlobalSection(ExtensibilityGlobals) = postSolution
		SolutionGuid = {D85537CA-0B0F-45F6-B077-F63DA528FD6C}
	EndGlobalSection
EndGlobal
